
Microsoft Visual Studio Solution File, Format Version 12.00
# Visual Studio 15
VisualStudioVersion = 15.0.28307.779
MinimumVisualStudioVersion = 10.0.40219.1
Project("{FAE04EC0-301F-11D3-BF4B-00C04F79EFBC}") = "Semana03-WPF-ejemplo1", "Semana03-WPF-ejemplo1\Semana03-WPF-ejemplo1.csproj", "{DAF3EBCF-510C-41A7-AA0C-914FCF8D4FE8}"
EndProject
Global
	GlobalSection(SolutionConfigurationPlatforms) = preSolution
		Debug|Any CPU = Debug|Any CPU
		Release|Any CPU = Release|Any CPU
	EndGlobalSection
	GlobalSection(ProjectConfigurationPlatforms) = postSolution
		{DAF3EBCF-510C-41A7-AA0C-914FCF8D4FE8}.Debug|Any CPU.ActiveCfg = Debug|Any CPU
		{DAF3EBCF-510C-41A7-AA0C-914FCF8D4FE8}.Debug|Any CPU.Build.0 = Debug|Any CPU
		{DAF3EBCF-510C-41A7-AA0C-914FCF8D4FE8}.Release|Any CPU.ActiveCfg = Release|Any CPU
		{DAF3EBCF-510C-41A7-AA0C-914FCF8D4FE8}.Release|Any CPU.Build.0 = Release|Any CPU
	EndGlobalSection
	GlobalSection(SolutionProperties) = preSolution
		HideSolutionNode = FALSE
	EndGlobalSection
	GlobalSection(ExtensibilityGlobals) = postSolution
		SolutionGuid = {07D635EB-4AF3-4E1B-90CD-811303DBA3F6}
	EndGlobalSection
EndGlobal
